# THIS IS AN AUTOGENERATED FILE. DO NOT EDIT THIS FILE DIRECTLY.
# yarn lockfile v1


monaco-editor@0.18.0:
  version "0.18.0"
  resolved "https://registry.yarnpkg.com/monaco-editor/-/monaco-editor-0.18.0.tgz#72079e1da5b74eb356685b75bda611faa7251036"
  integrity sha512-nNaKGNdeXwDxzmtrbJKn5q30jcuu+l7eMtaCDA4eLagvx66/joYvSiGkL/Nx4L0cZKM7ASu+fPIr3kmjEr5Ncg==
